// !$*UTF8*$!
{
	archiveVersion = 1;
	classes = {
	};
	objectVersion = 46;
	objects = {

/* Begin PBXBuildFile section */
		4530B1121736F369000A52E2 /* Cocoa.framework in Frameworks */ = {isa = PBXBuildFile; fileRef = 4530B1111736F369000A52E2 /* Cocoa.framework */; };
		4530B11C1736F369000A52E2 /* InfoPlist.strings in Resources */ = {isa = PBXBuildFile; fileRef = 4530B11A1736F369000A52E2 /* InfoPlist.strings */; };
		4530B11E1736F369000A52E2 /* main.m in Sources */ = {isa = PBXBuildFile; fileRef = 4530B11D1736F369000A52E2 /* main.m */; };
		4530B1221736F369000A52E2 /* Credits.rtf in Resources */ = {isa = PBXBuildFile; fileRef = 4530B1201736F369000A52E2 /* Credits.rtf */; };
		4530B1251736F369000A52E2 /* AppDelegate.m in Sources */ = {isa = PBXBuildFile; fileRef = 4530B1241736F369000A52E2 /* AppDelegate.m */; };
		4530B1281736F369000A52E2 /* MainMenu.xib in Resources */ = {isa = PBXBuildFile; fileRef = 4530B1261736F369000A52E2 /* MainMenu.xib */; };
		4530B1301736F36A000A52E2 /* SenTestingKit.framework in Frameworks */ = {isa = PBXBuildFile; fileRef = 4530B12F1736F36A000A52E2 /* SenTestingKit.framework */; };
		4530B1311736F36A000A52E2 /* Cocoa.framework in Frameworks */ = {isa = PBXBuildFile; fileRef = 4530B1111736F369000A52E2 /* Cocoa.framework */; };
		4530B1391736F36A000A52E2 /* InfoPlist.strings in Resources */ = {isa = PBXBuildFile; fileRef = 4530B1371736F36A000A52E2 /* InfoPlist.strings */; };
		4530B13C1736F36A000A52E2 /* ScriptingExampleTests.m in Sources */ = {isa = PBXBuildFile; fileRef = 4530B13B1736F36A000A52E2 /* ScriptingExampleTests.m */; };
		4530B1461736FCF6000A52E2 /* ScriptingExample.sdef in Resources */ = {isa = PBXBuildFile; fileRef = 4530B1451736FCF6000A52E2 /* ScriptingExample.sdef */; };
		4530B14917370CBD000A52E2 /* NSApplication+ScriptingExample.m in Sources */ = {isa = PBXBuildFile; fileRef = 4530B14817370CBD000A52E2 /* NSApplication+ScriptingExample.m */; };
		455EA8091737320C00E3C0D0 /* SimpleCommand.m in Sources */ = {isa = PBXBuildFile; fileRef = 455EA8081737320C00E3C0D0 /* SimpleCommand.m */; };
		455EA80C1737325300E3C0D0 /* CommandWithArgs.m in Sources */ = {isa = PBXBuildFile; fileRef = 455EA80B1737325300E3C0D0 /* CommandWithArgs.m */; };
		455EA80F1737329D00E3C0D0 /* DirectParameterCommand.m in Sources */ = {isa = PBXBuildFile; fileRef = 455EA80E1737329D00E3C0D0 /* DirectParameterCommand.m */; };
		45898B94178525F700AE365A /* RunPluginCommand.m in Sources */ = {isa = PBXBuildFile; fileRef = 45898B93178525F700AE365A /* RunPluginCommand.m */; };
		45F25701177F5E3C00A3BF75 /* TestScripts in Resources */ = {isa = PBXBuildFile; fileRef = 45F25700177F5E3C00A3BF75 /* TestScripts */; };
/* End PBXBuildFile section */

/* Begin PBXContainerItemProxy section */
		4530B1321736F36A000A52E2 /* PBXContainerItemProxy */ = {
			isa = PBXContainerItemProxy;
			containerPortal = 4530B1061736F369000A52E2 /* Project object */;
			proxyType = 1;
			remoteGlobalIDString = 4530B10D1736F369000A52E2;
			remoteInfo = ScriptingExample;
		};
/* End PBXContainerItemProxy section */

/* Begin PBXFileReference section */
		4530B10E1736F369000A52E2 /* ScriptingExample.app */ = {isa = PBXFileReference; explicitFileType = wrapper.application; includeInIndex = 0; path = ScriptingExample.app; sourceTree = BUILT_PRODUCTS_DIR; };
		4530B1111736F369000A52E2 /* Cocoa.framework */ = {isa = PBXFileReference; lastKnownFileType = wrapper.framework; name = Cocoa.framework; path = System/Library/Frameworks/Cocoa.framework; sourceTree = SDKROOT; };
		4530B1141736F369000A52E2 /* AppKit.framework */ = {isa = PBXFileReference; lastKnownFileType = wrapper.framework; name = AppKit.framework; path = System/Library/Frameworks/AppKit.framework; sourceTree = SDKROOT; };
		4530B1151736F369000A52E2 /* CoreData.framework */ = {isa = PBXFileReference; lastKnownFileType = wrapper.framework; name = CoreData.framework; path = System/Library/Frameworks/CoreData.framework; sourceTree = SDKROOT; };
		4530B1161736F369000A52E2 /* Foundation.framework */ = {isa = PBXFileReference; lastKnownFileType = wrapper.framework; name = Foundation.framework; path = System/Library/Frameworks/Foundation.framework; sourceTree = SDKROOT; };
		4530B1191736F369000A52E2 /* ScriptingExample-Info.plist */ = {isa = PBXFileReference; lastKnownFileType = text.plist.xml; path = "ScriptingExample-Info.plist"; sourceTree = "<group>"; };
		4530B11B1736F369000A52E2 /* en */ = {isa = PBXFileReference; lastKnownFileType = text.plist.strings; name = en; path = en.lproj/InfoPlist.strings; sourceTree = "<group>"; };
		4530B11D1736F369000A52E2 /* main.m */ = {isa = PBXFileReference; lastKnownFileType = sourcecode.c.objc; path = main.m; sourceTree = "<group>"; };
		4530B11F1736F369000A52E2 /* ScriptingExample-Prefix.pch */ = {isa = PBXFileReference; lastKnownFileType = sourcecode.c.h; path = "ScriptingExample-Prefix.pch"; sourceTree = "<group>"; };
		4530B1211736F369000A52E2 /* en */ = {isa = PBXFileReference; lastKnownFileType = text.rtf; name = en; path = en.lproj/Credits.rtf; sourceTree = "<group>"; };
		4530B1231736F369000A52E2 /* AppDelegate.h */ = {isa = PBXFileReference; lastKnownFileType = sourcecode.c.h; path = AppDelegate.h; sourceTree = "<group>"; };
		4530B1241736F369000A52E2 /* AppDelegate.m */ = {isa = PBXFileReference; lastKnownFileType = sourcecode.c.objc; path = AppDelegate.m; sourceTree = "<group>"; };
		4530B1271736F369000A52E2 /* en */ = {isa = PBXFileReference; lastKnownFileType = file.xib; name = en; path = en.lproj/MainMenu.xib; sourceTree = "<group>"; };
		4530B12E1736F36A000A52E2 /* ScriptingExampleTests.octest */ = {isa = PBXFileReference; explicitFileType = wrapper.cfbundle; includeInIndex = 0; path = ScriptingExampleTests.octest; sourceTree = BUILT_PRODUCTS_DIR; };
		4530B12F1736F36A000A52E2 /* SenTestingKit.framework */ = {isa = PBXFileReference; lastKnownFileType = wrapper.framework; name = SenTestingKit.framework; path = Library/Frameworks/SenTestingKit.framework; sourceTree = DEVELOPER_DIR; };
		4530B1361736F36A000A52E2 /* ScriptingExampleTests-Info.plist */ = {isa = PBXFileReference; lastKnownFileType = text.plist.xml; path = "ScriptingExampleTests-Info.plist"; sourceTree = "<group>"; };
		4530B1381736F36A000A52E2 /* en */ = {isa = PBXFileReference; lastKnownFileType = text.plist.strings; name = en; path = en.lproj/InfoPlist.strings; sourceTree = "<group>"; };
		4530B13A1736F36A000A52E2 /* ScriptingExampleTests.h */ = {isa = PBXFileReference; lastKnownFileType = sourcecode.c.h; path = ScriptingExampleTests.h; sourceTree = "<group>"; };
		4530B13B1736F36A000A52E2 /* ScriptingExampleTests.m */ = {isa = PBXFileReference; lastKnownFileType = sourcecode.c.objc; path = ScriptingExampleTests.m; sourceTree = "<group>"; };
		4530B1451736FCF6000A52E2 /* ScriptingExample.sdef */ = {isa = PBXFileReference; fileEncoding = 4; lastKnownFileType = text.xml; path = ScriptingExample.sdef; sourceTree = "<group>"; };
		4530B14717370CBD000A52E2 /* NSApplication+ScriptingExample.h */ = {isa = PBXFileReference; fileEncoding = 4; lastKnownFileType = sourcecode.c.h; path = "NSApplication+ScriptingExample.h"; sourceTree = "<group>"; };
		4530B14817370CBD000A52E2 /* NSApplication+ScriptingExample.m */ = {isa = PBXFileReference; fileEncoding = 4; lastKnownFileType = sourcecode.c.objc; path = "NSApplication+ScriptingExample.m"; sourceTree = "<group>"; };
		455EA8071737320C00E3C0D0 /* SimpleCommand.h */ = {isa = PBXFileReference; fileEncoding = 4; lastKnownFileType = sourcecode.c.h; path = SimpleCommand.h; sourceTree = "<group>"; };
		455EA8081737320C00E3C0D0 /* SimpleCommand.m */ = {isa = PBXFileReference; fileEncoding = 4; lastKnownFileType = sourcecode.c.objc; path = SimpleCommand.m; sourceTree = "<group>"; };
		455EA80A1737325300E3C0D0 /* CommandWithArgs.h */ = {isa = PBXFileReference; fileEncoding = 4; lastKnownFileType = sourcecode.c.h; path = CommandWithArgs.h; sourceTree = "<group>"; };
		455EA80B1737325300E3C0D0 /* CommandWithArgs.m */ = {isa = PBXFileReference; fileEncoding = 4; lastKnownFileType = sourcecode.c.objc; path = CommandWithArgs.m; sourceTree = "<group>"; };
		455EA80D1737329D00E3C0D0 /* DirectParameterCommand.h */ = {isa = PBXFileReference; fileEncoding = 4; lastKnownFileType = sourcecode.c.h; path = DirectParameterCommand.h; sourceTree = "<group>"; };
		455EA80E1737329D00E3C0D0 /* DirectParameterCommand.m */ = {isa = PBXFileReference; fileEncoding = 4; lastKnownFileType = sourcecode.c.objc; path = DirectParameterCommand.m; sourceTree = "<group>"; };
		45898B92178525F700AE365A /* RunPluginCommand.h */ = {isa = PBXFileReference; fileEncoding = 4; lastKnownFileType = sourcecode.c.h; path = RunPluginCommand.h; sourceTree = "<group>"; };
		45898B93178525F700AE365A /* RunPluginCommand.m */ = {isa = PBXFileReference; fileEncoding = 4; lastKnownFileType = sourcecode.c.objc; path = RunPluginCommand.m; sourceTree = "<group>"; };
		45F25700177F5E3C00A3BF75 /* TestScripts */ = {isa = PBXFileReference; lastKnownFileType = folder; path = TestScripts; sourceTree = "<group>"; };
/* End PBXFileReference section */

/* Begin PBXFrameworksBuildPhase section */
		4530B10B1736F369000A52E2 /* Frameworks */ = {
			isa = PBXFrameworksBuildPhase;
			buildActionMask = 2147483647;
			files = (
				4530B1121736F369000A52E2 /* Cocoa.framework in Frameworks */,
			);
			runOnlyForDeploymentPostprocessing = 0;
		};
		4530B12A1736F36A000A52E2 /* Frameworks */ = {
			isa = PBXFrameworksBuildPhase;
			buildActionMask = 2147483647;
			files = (
				4530B1301736F36A000A52E2 /* SenTestingKit.framework in Frameworks */,
				4530B1311736F36A000A52E2 /* Cocoa.framework in Frameworks */,
			);
			runOnlyForDeploymentPostprocessing = 0;
		};
/* End PBXFrameworksBuildPhase section */

/* Begin PBXGroup section */
		4530B1051736F369000A52E2 = {
			isa = PBXGroup;
			children = (
				4530B1171736F369000A52E2 /* ScriptingExample */,
				4530B1341736F36A000A52E2 /* ScriptingExampleTests */,
				4530B1101736F369000A52E2 /* Frameworks */,
				4530B10F1736F369000A52E2 /* Products */,
			);
			sourceTree = "<group>";
		};
		4530B10F1736F369000A52E2 /* Products */ = {
			isa = PBXGroup;
			children = (
				4530B10E1736F369000A52E2 /* ScriptingExample.app */,
				4530B12E1736F36A000A52E2 /* ScriptingExampleTests.octest */,
			);
			name = Products;
			sourceTree = "<group>";
		};
		4530B1101736F369000A52E2 /* Frameworks */ = {
			isa = PBXGroup;
			children = (
				4530B1111736F369000A52E2 /* Cocoa.framework */,
				4530B12F1736F36A000A52E2 /* SenTestingKit.framework */,
				4530B1131736F369000A52E2 /* Other Frameworks */,
			);
			name = Frameworks;
			sourceTree = "<group>";
		};
		4530B1131736F369000A52E2 /* Other Frameworks */ = {
			isa = PBXGroup;
			children = (
				4530B1141736F369000A52E2 /* AppKit.framework */,
				4530B1151736F369000A52E2 /* CoreData.framework */,
				4530B1161736F369000A52E2 /* Foundation.framework */,
			);
			name = "Other Frameworks";
			sourceTree = "<group>";
		};
		4530B1171736F369000A52E2 /* ScriptingExample */ = {
			isa = PBXGroup;
			children = (
				455EA8071737320C00E3C0D0 /* SimpleCommand.h */,
				455EA8081737320C00E3C0D0 /* SimpleCommand.m */,
				455EA80A1737325300E3C0D0 /* CommandWithArgs.h */,
				455EA80B1737325300E3C0D0 /* CommandWithArgs.m */,
				455EA80D1737329D00E3C0D0 /* DirectParameterCommand.h */,
				455EA80E1737329D00E3C0D0 /* DirectParameterCommand.m */,
				4530B1231736F369000A52E2 /* AppDelegate.h */,
				4530B1241736F369000A52E2 /* AppDelegate.m */,
				4530B14717370CBD000A52E2 /* NSApplication+ScriptingExample.h */,
				4530B14817370CBD000A52E2 /* NSApplication+ScriptingExample.m */,
				4530B1261736F369000A52E2 /* MainMenu.xib */,
				4530B1181736F369000A52E2 /* Supporting Files */,
				45898B92178525F700AE365A /* RunPluginCommand.h */,
				45898B93178525F700AE365A /* RunPluginCommand.m */,
			);
			path = ScriptingExample;
			sourceTree = "<group>";
		};
		4530B1181736F369000A52E2 /* Supporting Files */ = {
			isa = PBXGroup;
			children = (
				4530B1451736FCF6000A52E2 /* ScriptingExample.sdef */,
				4530B1191736F369000A52E2 /* ScriptingExample-Info.plist */,
				4530B11A1736F369000A52E2 /* InfoPlist.strings */,
				4530B11D1736F369000A52E2 /* main.m */,
				4530B11F1736F369000A52E2 /* ScriptingExample-Prefix.pch */,
				4530B1201736F369000A52E2 /* Credits.rtf */,
			);
			name = "Supporting Files";
			sourceTree = "<group>";
		};
		4530B1341736F36A000A52E2 /* ScriptingExampleTests */ = {
			isa = PBXGroup;
			children = (
				45F25700177F5E3C00A3BF75 /* TestScripts */,
				4530B13A1736F36A000A52E2 /* ScriptingExampleTests.h */,
				4530B13B1736F36A000A52E2 /* ScriptingExampleTests.m */,
				4530B1351736F36A000A52E2 /* Supporting Files */,
			);
			path = ScriptingExampleTests;
			sourceTree = "<group>";
		};
		4530B1351736F36A000A52E2 /* Supporting Files */ = {
			isa = PBXGroup;
			children = (
				4530B1361736F36A000A52E2 /* ScriptingExampleTests-Info.plist */,
				4530B1371736F36A000A52E2 /* InfoPlist.strings */,
			);
			name = "Supporting Files";
			sourceTree = "<group>";
		};
/* End PBXGroup section */

/* Begin PBXNativeTarget section */
		4530B10D1736F369000A52E2 /* ScriptingExample */ = {
			isa = PBXNativeTarget;
			buildConfigurationList = 4530B13F1736F36A000A52E2 /* Build configuration list for PBXNativeTarget "ScriptingExample" */;
			buildPhases = (
				4530B10A1736F369000A52E2 /* Sources */,
				4530B10B1736F369000A52E2 /* Frameworks */,
				4530B10C1736F369000A52E2 /* Resources */,
			);
			buildRules = (
			);
			dependencies = (
			);
			name = ScriptingExample;
			productName = ScriptingExample;
			productReference = 4530B10E1736F369000A52E2 /* ScriptingExample.app */;
			productType = "com.apple.product-type.application";
		};
		4530B12D1736F36A000A52E2 /* ScriptingExampleTests */ = {
			isa = PBXNativeTarget;
			buildConfigurationList = 4530B1421736F36A000A52E2 /* Build configuration list for PBXNativeTarget "ScriptingExampleTests" */;
			buildPhases = (
				4530B1291736F36A000A52E2 /* Sources */,
				4530B12A1736F36A000A52E2 /* Frameworks */,
				4530B12B1736F36A000A52E2 /* Resources */,
				4530B12C1736F36A000A52E2 /* ShellScript */,
			);
			buildRules = (
			);
			dependencies = (
				4530B1331736F36A000A52E2 /* PBXTargetDependency */,
			);
			name = ScriptingExampleTests;
			productName = ScriptingExampleTests;
			productReference = 4530B12E1736F36A000A52E2 /* ScriptingExampleTests.octest */;
			productType = "com.apple.product-type.bundle";
		};
/* End PBXNativeTarget section */

/* Begin PBXProject section */
		4530B1061736F369000A52E2 /* Project object */ = {
			isa = PBXProject;
			attributes = {
				LastUpgradeCheck = 0460;
				ORGANIZATIONNAME = "Roben Kleene";
			};
			buildConfigurationList = 4530B1091736F369000A52E2 /* Build configuration list for PBXProject "ScriptingExample" */;
			compatibilityVersion = "Xcode 3.2";
			developmentRegion = English;
			hasScannedForEncodings = 0;
			knownRegions = (
				en,
			);
			mainGroup = 4530B1051736F369000A52E2;
			productRefGroup = 4530B10F1736F369000A52E2 /* Products */;
			projectDirPath = "";
			projectRoot = "";
			targets = (
				4530B10D1736F369000A52E2 /* ScriptingExample */,
				4530B12D1736F36A000A52E2 /* ScriptingExampleTests */,
			);
		};
/* End PBXProject section */

/* Begin PBXResourcesBuildPhase section */
		4530B10C1736F369000A52E2 /* Resources */ = {
			isa = PBXResourcesBuildPhase;
			buildActionMask = 2147483647;
			files = (
				4530B11C1736F369000A52E2 /* InfoPlist.strings in Resources */,
				4530B1221736F369000A52E2 /* Credits.rtf in Resources */,
				4530B1281736F369000A52E2 /* MainMenu.xib in Resources */,
				4530B1461736FCF6000A52E2 /* ScriptingExample.sdef in Resources */,
			);
			runOnlyForDeploymentPostprocessing = 0;
		};
		4530B12B1736F36A000A52E2 /* Resources */ = {
			isa = PBXResourcesBuildPhase;
			buildActionMask = 2147483647;
			files = (
				4530B1391736F36A000A52E2 /* InfoPlist.strings in Resources */,
				45F25701177F5E3C00A3BF75 /* TestScripts in Resources */,
			);
			runOnlyForDeploymentPostprocessing = 0;
		};
/* End PBXResourcesBuildPhase section */

/* Begin PBXShellScriptBuildPhase section */
		4530B12C1736F36A000A52E2 /* ShellScript */ = {
			isa = PBXShellScriptBuildPhase;
			buildActionMask = 2147483647;
			files = (
			);
			inputPaths = (
			);
			outputPaths = (
			);
			runOnlyForDeploymentPostprocessing = 0;
			shellPath = /bin/sh;
			shellScript = "# Run the unit tests in this test bundle.\n\"${SYSTEM_DEVELOPER_DIR}/Tools/RunUnitTests\"\n";
		};
/* End PBXShellScriptBuildPhase section */

/* Begin PBXSourcesBuildPhase section */
		4530B10A1736F369000A52E2 /* Sources */ = {
			isa = PBXSourcesBuildPhase;
			buildActionMask = 2147483647;
			files = (
				4530B11E1736F369000A52E2 /* main.m in Sources */,
				4530B1251736F369000A52E2 /* AppDelegate.m in Sources */,
				4530B14917370CBD000A52E2 /* NSApplication+ScriptingExample.m in Sources */,
				455EA8091737320C00E3C0D0 /* SimpleCommand.m in Sources */,
				455EA80C1737325300E3C0D0 /* CommandWithArgs.m in Sources */,
				455EA80F1737329D00E3C0D0 /* DirectParameterCommand.m in Sources */,
				45898B94178525F700AE365A /* RunPluginCommand.m in Sources */,
			);
			runOnlyForDeploymentPostprocessing = 0;
		};
		4530B1291736F36A000A52E2 /* Sources */ = {
			isa = PBXSourcesBuildPhase;
			buildActionMask = 2147483647;
			files = (
				4530B13C1736F36A000A52E2 /* ScriptingExampleTests.m in Sources */,
			);
			runOnlyForDeploymentPostprocessing = 0;
		};
/* End PBXSourcesBuildPhase section */

/* Begin PBXTargetDependency section */
		4530B1331736F36A000A52E2 /* PBXTargetDependency */ = {
			isa = PBXTargetDependency;
			target = 4530B10D1736F369000A52E2 /* ScriptingExample */;
			targetProxy = 4530B1321736F36A000A52E2 /* PBXContainerItemProxy */;
		};
/* End PBXTargetDependency section */

/* Begin PBXVariantGroup section */
		4530B11A1736F369000A52E2 /* InfoPlist.strings */ = {
			isa = PBXVariantGroup;
			children = (
				4530B11B1736F369000A52E2 /* en */,
			);
			name = InfoPlist.strings;
			sourceTree = "<group>";
		};
		4530B1201736F369000A52E2 /* Credits.rtf */ = {
			isa = PBXVariantGroup;
			children = (
				4530B1211736F369000A52E2 /* en */,
			);
			name = Credits.rtf;
			sourceTree = "<group>";
		};
		4530B1261736F369000A52E2 /* MainMenu.xib */ = {
			isa = PBXVariantGroup;
			children = (
				4530B1271736F369000A52E2 /* en */,
			);
			name = MainMenu.xib;
			sourceTree = "<group>";
		};
		4530B1371736F36A000A52E2 /* InfoPlist.strings */ = {
			isa = PBXVariantGroup;
			children = (
				4530B1381736F36A000A52E2 /* en */,
			);
			name = InfoPlist.strings;
			sourceTree = "<group>";
		};
/* End PBXVariantGroup section */

/* Begin XCBuildConfiguration section */
		4530B13D1736F36A000A52E2 /* Debug */ = {
			isa = XCBuildConfiguration;
			buildSettings = {
				ALWAYS_SEARCH_USER_PATHS = NO;
				ARCHS = "$(ARCHS_STANDARD_64_BIT)";
				CLANG_CXX_LANGUAGE_STANDARD = "gnu++0x";
				CLANG_CXX_LIBRARY = "libc++";
				CLANG_ENABLE_OBJC_ARC = YES;
				CLANG_WARN_CONSTANT_CONVERSION = YES;
				CLANG_WARN_EMPTY_BODY = YES;
				CLANG_WARN_ENUM_CONVERSION = YES;
				CLANG_WARN_INT_CONVERSION = YES;
				CLANG_WARN__DUPLICATE_METHOD_MATCH = YES;
				COPY_PHASE_STRIP = NO;
				GCC_C_LANGUAGE_STANDARD = gnu99;
				GCC_DYNAMIC_NO_PIC = NO;
				GCC_ENABLE_OBJC_EXCEPTIONS = YES;
				GCC_OPTIMIZATION_LEVEL = 0;
				GCC_PREPROCESSOR_DEFINITIONS = (
					"DEBUG=1",
					"$(inherited)",
				);
				GCC_SYMBOLS_PRIVATE_EXTERN = NO;
				GCC_WARN_64_TO_32_BIT_CONVERSION = YES;
				GCC_WARN_ABOUT_RETURN_TYPE = YES;
				GCC_WARN_UNINITIALIZED_AUTOS = YES;
				GCC_WARN_UNUSED_VARIABLE = YES;
				MACOSX_DEPLOYMENT_TARGET = 10.8;
				ONLY_ACTIVE_ARCH = YES;
				SDKROOT = macosx;
			};
			name = Debug;
		};
		4530B13E1736F36A000A52E2 /* Release */ = {
			isa = XCBuildConfiguration;
			buildSettings = {
				ALWAYS_SEARCH_USER_PATHS = NO;
				ARCHS = "$(ARCHS_STANDARD_64_BIT)";
				CLANG_CXX_LANGUAGE_STANDARD = "gnu++0x";
				CLANG_CXX_LIBRARY = "libc++";
				CLANG_ENABLE_OBJC_ARC = YES;
				CLANG_WARN_CONSTANT_CONVERSION = YES;
				CLANG_WARN_EMPTY_BODY = YES;
				CLANG_WARN_ENUM_CONVERSION = YES;
				CLANG_WARN_INT_CONVERSION = YES;
				CLANG_WARN__DUPLICATE_METHOD_MATCH = YES;
				COPY_PHASE_STRIP = YES;
				DEBUG_INFORMATION_FORMAT = "dwarf-with-dsym";
				GCC_C_LANGUAGE_STANDARD = gnu99;
				GCC_ENABLE_OBJC_EXCEPTIONS = YES;
				GCC_WARN_64_TO_32_BIT_CONVERSION = YES;
				GCC_WARN_ABOUT_RETURN_TYPE = YES;
				GCC_WARN_UNINITIALIZED_AUTOS = YES;
				GCC_WARN_UNUSED_VARIABLE = YES;
				MACOSX_DEPLOYMENT_TARGET = 10.8;
				SDKROOT = macosx;
			};
			name = Release;
		};
		4530B1401736F36A000A52E2 /* Debug */ = {
			isa = XCBuildConfiguration;
			buildSettings = {
				COMBINE_HIDPI_IMAGES = YES;
				GCC_PRECOMPILE_PREFIX_HEADER = YES;
				GCC_PREFIX_HEADER = "ScriptingExample/ScriptingExample-Prefix.pch";
				INFOPLIST_FILE = "ScriptingExample/ScriptingExample-Info.plist";
				PRODUCT_NAME = "$(TARGET_NAME)";
				WRAPPER_EXTENSION = app;
			};
			name = Debug;
		};
		4530B1411736F36A000A52E2 /* Release */ = {
			isa = XCBuildConfiguration;
			buildSettings = {
				COMBINE_HIDPI_IMAGES = YES;
				GCC_PRECOMPILE_PREFIX_HEADER = YES;
				GCC_PREFIX_HEADER = "ScriptingExample/ScriptingExample-Prefix.pch";
				INFOPLIST_FILE = "ScriptingExample/ScriptingExample-Info.plist";
				PRODUCT_NAME = "$(TARGET_NAME)";
				WRAPPER_EXTENSION = app;
			};
			name = Release;
		};
		4530B1431736F36A000A52E2 /* Debug */ = {
			isa = XCBuildConfiguration;
			buildSettings = {
				BUNDLE_LOADER = "$(BUILT_PRODUCTS_DIR)/ScriptingExample.app/Contents/MacOS/ScriptingExample";
				COMBINE_HIDPI_IMAGES = YES;
				FRAMEWORK_SEARCH_PATHS = "\"$(DEVELOPER_LIBRARY_DIR)/Frameworks\"";
				GCC_PRECOMPILE_PREFIX_HEADER = YES;
				GCC_PREFIX_HEADER = "ScriptingExample/ScriptingExample-Prefix.pch";
				INFOPLIST_FILE = "ScriptingExampleTests/ScriptingExampleTests-Info.plist";
				PRODUCT_NAME = "$(TARGET_NAME)";
				TEST_HOST = "$(BUNDLE_LOADER)";
				WRAPPER_EXTENSION = octest;
			};
			name = Debug;
		};
		4530B1441736F36A000A52E2 /* Release */ = {
			isa = XCBuildConfiguration;
			buildSettings = {
				BUNDLE_LOADER = "$(BUILT_PRODUCTS_DIR)/ScriptingExample.app/Contents/MacOS/ScriptingExample";
				COMBINE_HIDPI_IMAGES = YES;
				FRAMEWORK_SEARCH_PATHS = "\"$(DEVELOPER_LIBRARY_DIR)/Frameworks\"";
				GCC_PRECOMPILE_PREFIX_HEADER = YES;
				GCC_PREFIX_HEADER = "ScriptingExample/ScriptingExample-Prefix.pch";
				INFOPLIST_FILE = "ScriptingExampleTests/ScriptingExampleTests-Info.plist";
				PRODUCT_NAME = "$(TARGET_NAME)";
				TEST_HOST = "$(BUNDLE_LOADER)";
				WRAPPER_EXTENSION = octest;
			};
			name = Release;
		};
/* End XCBuildConfiguration section */

/* Begin XCConfigurationList section */
		4530B1091736F369000A52E2 /* Build configuration list for PBXProject "ScriptingExample" */ = {
			isa = XCConfigurationList;
			buildConfigurations = (
				4530B13D1736F36A000A52E2 /* Debug */,
				4530B13E1736F36A000A52E2 /* Release */,
			);
			defaultConfigurationIsVisible = 0;
			defaultConfigurationName = Release;
		};
		4530B13F1736F36A000A52E2 /* Build configuration list for PBXNativeTarget "ScriptingExample" */ = {
			isa = XCConfigurationList;
			buildConfigurations = (
				4530B1401736F36A000A52E2 /* Debug */,
				4530B1411736F36A000A52E2 /* Release */,
			);
			defaultConfigurationIsVisible = 0;
			defaultConfigurationName = Release;
		};
		4530B1421736F36A000A52E2 /* Build configuration list for PBXNativeTarget "ScriptingExampleTests" */ = {
			isa = XCConfigurationList;
			buildConfigurations = (
				4530B1431736F36A000A52E2 /* Debug */,
				4530B1441736F36A000A52E2 /* Release */,
			);
			defaultConfigurationIsVisible = 0;
			defaultConfigurationName = Release;
		};
/* End XCConfigurationList section */
	};
	rootObject = 4530B1061736F369000A52E2 /* Project object */;
}
